// !$*UTF8*$!
{
	archiveVersion = 1;
	classes = {
	};
	objectVersion = 46;
	objects = {

/* Begin PBXBuildFile section */
		1868A0DC1859B84B00EAC9BC /* UIKit.framework in Frameworks */ = {isa = PBXBuildFile; fileRef = 1868A0DB1859B84B00EAC9BC /* UIKit.framework */; };
		1868A0DE1859B84B00EAC9BC /* Foundation.framework in Frameworks */ = {isa = PBXBuildFile; fileRef = 1868A0DD1859B84B00EAC9BC /* Foundation.framework */; };
		1868A0E01859B84B00EAC9BC /* CoreGraphics.framework in Frameworks */ = {isa = PBXBuildFile; fileRef = 1868A0DF1859B84B00EAC9BC /* CoreGraphics.framework */; };
		1868A0E61859B84B00EAC9BC /* InfoPlist.strings in Resources */ = {isa = PBXBuildFile; fileRef = 1868A0E41859B84B00EAC9BC /* InfoPlist.strings */; };
		1868A0E81859B84B00EAC9BC /* main.m in Sources */ = {isa = PBXBuildFile; fileRef = 1868A0E71859B84B00EAC9BC /* main.m */; };
		1868A0EC1859B84B00EAC9BC /* AppDelegate.m in Sources */ = {isa = PBXBuildFile; fileRef = 1868A0EB1859B84B00EAC9BC /* AppDelegate.m */; };
		1868A0EE1859B84B00EAC9BC /* Default.png in Resources */ = {isa = PBXBuildFile; fileRef = 1868A0ED1859B84B00EAC9BC /* Default.png */; };
		1868A0F01859B84B00EAC9BC /* Default@2x.png in Resources */ = {isa = PBXBuildFile; fileRef = 1868A0EF1859B84B00EAC9BC /* Default@2x.png */; };
		1868A0F21859B84B00EAC9BC /* Default-568h@2x.png in Resources */ = {isa = PBXBuildFile; fileRef = 1868A0F11859B84B00EAC9BC /* Default-568h@2x.png */; };
		1868A0F51859B84B00EAC9BC /* ViewController.m in Sources */ = {isa = PBXBuildFile; fileRef = 1868A0F41859B84B00EAC9BC /* ViewController.m */; };
		1868A0F81859B84B00EAC9BC /* ViewController.xib in Resources */ = {isa = PBXBuildFile; fileRef = 1868A0F61859B84B00EAC9BC /* ViewController.xib */; };
/* End PBXBuildFile section */

/* Begin PBXFileReference section */
		1868A0D71859B84B00EAC9BC /* 110.app */ = {isa = PBXFileReference; explicitFileType = wrapper.application; includeInIndex = 0; path = 110.app; sourceTree = BUILT_PRODUCTS_DIR; };
		1868A0DB1859B84B00EAC9BC /* UIKit.framework */ = {isa = PBXFileReference; lastKnownFileType = wrapper.framework; name = UIKit.framework; path = System/Library/Frameworks/UIKit.framework; sourceTree = SDKROOT; };
		1868A0DD1859B84B00EAC9BC /* Foundation.framework */ = {isa = PBXFileReference; lastKnownFileType = wrapper.framework; name = Foundation.framework; path = System/Library/Frameworks/Foundation.framework; sourceTree = SDKROOT; };
		1868A0DF1859B84B00EAC9BC /* CoreGraphics.framework */ = {isa = PBXFileReference; lastKnownFileType = wrapper.framework; name = CoreGraphics.framework; path = System/Library/Frameworks/CoreGraphics.framework; sourceTree = SDKROOT; };
		1868A0E31859B84B00EAC9BC /* 110-Info.plist */ = {isa = PBXFileReference; lastKnownFileType = text.plist.xml; path = "110-Info.plist"; sourceTree = "<group>"; };
		1868A0E51859B84B00EAC9BC /* en */ = {isa = PBXFileReference; lastKnownFileType = text.plist.strings; name = en; path = en.lproj/InfoPlist.strings; sourceTree = "<group>"; };
		1868A0E71859B84B00EAC9BC /* main.m */ = {isa = PBXFileReference; lastKnownFileType = sourcecode.c.objc; path = main.m; sourceTree = "<group>"; };
		1868A0E91859B84B00EAC9BC /* 110-Prefix.pch */ = {isa = PBXFileReference; lastKnownFileType = sourcecode.c.h; path = "110-Prefix.pch"; sourceTree = "<group>"; };
		1868A0EA1859B84B00EAC9BC /* AppDelegate.h */ = {isa = PBXFileReference; lastKnownFileType = sourcecode.c.h; path = AppDelegate.h; sourceTree = "<group>"; };
		1868A0EB1859B84B00EAC9BC /* AppDelegate.m */ = {isa = PBXFileReference; lastKnownFileType = sourcecode.c.objc; path = AppDelegate.m; sourceTree = "<group>"; };
		1868A0ED1859B84B00EAC9BC /* Default.png */ = {isa = PBXFileReference; lastKnownFileType = image.png; path = Default.png; sourceTree = "<group>"; };
		1868A0EF1859B84B00EAC9BC /* Default@2x.png */ = {isa = PBXFileReference; lastKnownFileType = image.png; path = "Default@2x.png"; sourceTree = "<group>"; };
		1868A0F11859B84B00EAC9BC /* Default-568h@2x.png */ = {isa = PBXFileReference; lastKnownFileType = image.png; path = "Default-568h@2x.png"; sourceTree = "<group>"; };
		1868A0F31859B84B00EAC9BC /* ViewController.h */ = {isa = PBXFileReference; lastKnownFileType = sourcecode.c.h; path = ViewController.h; sourceTree = "<group>"; };
		1868A0F41859B84B00EAC9BC /* ViewController.m */ = {isa = PBXFileReference; lastKnownFileType = sourcecode.c.objc; path = ViewController.m; sourceTree = "<group>"; };
		1868A0F71859B84B00EAC9BC /* en */ = {isa = PBXFileReference; lastKnownFileType = file.xib; name = en; path = en.lproj/ViewController.xib; sourceTree = "<group>"; };
/* End PBXFileReference section */

/* Begin PBXFrameworksBuildPhase section */
		1868A0D41859B84B00EAC9BC /* Frameworks */ = {
			isa = PBXFrameworksBuildPhase;
			buildActionMask = 2147483647;
			files = (
				1868A0DC1859B84B00EAC9BC /* UIKit.framework in Frameworks */,
				1868A0DE1859B84B00EAC9BC /* Foundation.framework in Frameworks */,
				1868A0E01859B84B00EAC9BC /* CoreGraphics.framework in Frameworks */,
			);
			runOnlyForDeploymentPostprocessing = 0;
		};
/* End PBXFrameworksBuildPhase section */

/* Begin PBXGroup section */
		1868A0CC1859B84B00EAC9BC = {
			isa = PBXGroup;
			children = (
				1868A0E11859B84B00EAC9BC /* 110 */,
				1868A0DA1859B84B00EAC9BC /* Frameworks */,
				1868A0D81859B84B00EAC9BC /* Products */,
			);
			sourceTree = "<group>";
		};
		1868A0D81859B84B00EAC9BC /* Products */ = {
			isa = PBXGroup;
			children = (
				1868A0D71859B84B00EAC9BC /* 110.app */,
			);
			name = Products;
			sourceTree = "<group>";
		};
		1868A0DA1859B84B00EAC9BC /* Frameworks */ = {
			isa = PBXGroup;
			children = (
				1868A0DB1859B84B00EAC9BC /* UIKit.framework */,
				1868A0DD1859B84B00EAC9BC /* Foundation.framework */,
				1868A0DF1859B84B00EAC9BC /* CoreGraphics.framework */,
			);
			name = Frameworks;
			sourceTree = "<group>";
		};
		1868A0E11859B84B00EAC9BC /* 110 */ = {
			isa = PBXGroup;
			children = (
				1868A0EA1859B84B00EAC9BC /* AppDelegate.h */,
				1868A0EB1859B84B00EAC9BC /* AppDelegate.m */,
				1868A0F31859B84B00EAC9BC /* ViewController.h */,
				1868A0F41859B84B00EAC9BC /* ViewController.m */,
				1868A0F61859B84B00EAC9BC /* ViewController.xib */,
				1868A0E21859B84B00EAC9BC /* Supporting Files */,
			);
			path = 110;
			sourceTree = "<group>";
		};
		1868A0E21859B84B00EAC9BC /* Supporting Files */ = {
			isa = PBXGroup;
			children = (
				1868A0E31859B84B00EAC9BC /* 110-Info.plist */,
				1868A0E41859B84B00EAC9BC /* InfoPlist.strings */,
				1868A0E71859B84B00EAC9BC /* main.m */,
				1868A0E91859B84B00EAC9BC /* 110-Prefix.pch */,
				1868A0ED1859B84B00EAC9BC /* Default.png */,
				1868A0EF1859B84B00EAC9BC /* Default@2x.png */,
				1868A0F11859B84B00EAC9BC /* Default-568h@2x.png */,
			);
			name = "Supporting Files";
			sourceTree = "<group>";
		};
/* End PBXGroup section */

/* Begin PBXNativeTarget section */
		1868A0D61859B84B00EAC9BC /* 110 */ = {
			isa = PBXNativeTarget;
			buildConfigurationList = 1868A0FB1859B84B00EAC9BC /* Build configuration list for PBXNativeTarget "110" */;
			buildPhases = (
				1868A0D31859B84B00EAC9BC /* Sources */,
				1868A0D41859B84B00EAC9BC /* Frameworks */,
				1868A0D51859B84B00EAC9BC /* Resources */,
			);
			buildRules = (
			);
			dependencies = (
			);
			name = 110;
			productName = 110;
			productReference = 1868A0D71859B84B00EAC9BC /* 110.app */;
			productType = "com.apple.product-type.application";
		};
/* End PBXNativeTarget section */

/* Begin PBXProject section */
		1868A0CE1859B84B00EAC9BC /* Project object */ = {
			isa = PBXProject;
			attributes = {
				LastUpgradeCheck = 0450;
				ORGANIZATIONNAME = ZZJL;
			};
			buildConfigurationList = 1868A0D11859B84B00EAC9BC /* Build configuration list for PBXProject "110" */;
			compatibilityVersion = "Xcode 3.2";
			developmentRegion = English;
			hasScannedForEncodings = 0;
			knownRegions = (
				en,
			);
			mainGroup = 1868A0CC1859B84B00EAC9BC;
			productRefGroup = 1868A0D81859B84B00EAC9BC /* Products */;
			projectDirPath = "";
			projectRoot = "";
			targets = (
				1868A0D61859B84B00EAC9BC /* 110 */,
			);
		};
/* End PBXProject section */

/* Begin PBXResourcesBuildPhase section */
		1868A0D51859B84B00EAC9BC /* Resources */ = {
			isa = PBXResourcesBuildPhase;
			buildActionMask = 2147483647;
			files = (
				1868A0E61859B84B00EAC9BC /* InfoPlist.strings in Resources */,
				1868A0EE1859B84B00EAC9BC /* Default.png in Resources */,
				1868A0F01859B84B00EAC9BC /* Default@2x.png in Resources */,
				1868A0F21859B84B00EAC9BC /* Default-568h@2x.png in Resources */,
				1868A0F81859B84B00EAC9BC /* ViewController.xib in Resources */,
			);
			runOnlyForDeploymentPostprocessing = 0;
		};
/* End PBXResourcesBuildPhase section */

/* Begin PBXSourcesBuildPhase section */
		1868A0D31859B84B00EAC9BC /* Sources */ = {
			isa = PBXSourcesBuildPhase;
			buildActionMask = 2147483647;
			files = (
				1868A0E81859B84B00EAC9BC /* main.m in Sources */,
				1868A0EC1859B84B00EAC9BC /* AppDelegate.m in Sources */,
				1868A0F51859B84B00EAC9BC /* ViewController.m in Sources */,
			);
			runOnlyForDeploymentPostprocessing = 0;
		};
/* End PBXSourcesBuildPhase section */

/* Begin PBXVariantGroup section */
		1868A0E41859B84B00EAC9BC /* InfoPlist.strings */ = {
			isa = PBXVariantGroup;
			children = (
				1868A0E51859B84B00EAC9BC /* en */,
			);
			name = InfoPlist.strings;
			sourceTree = "<group>";
		};
		1868A0F61859B84B00EAC9BC /* ViewController.xib */ = {
			isa = PBXVariantGroup;
			children = (
				1868A0F71859B84B00EAC9BC /* en */,
			);
			name = ViewController.xib;
			sourceTree = "<group>";
		};
/* End PBXVariantGroup section */

/* Begin XCBuildConfiguration section */
		1868A0F91859B84B00EAC9BC /* Debug */ = {
			isa = XCBuildConfiguration;
			buildSettings = {
				ALWAYS_SEARCH_USER_PATHS = NO;
				CLANG_CXX_LANGUAGE_STANDARD = "gnu++0x";
				CLANG_CXX_LIBRARY = "libc++";
				CLANG_WARN_EMPTY_BODY = YES;
				CLANG_WARN__DUPLICATE_METHOD_MATCH = YES;
				"CODE_SIGN_IDENTITY[sdk=iphoneos*]" = "iPhone Developer";
				COPY_PHASE_STRIP = NO;
				GCC_C_LANGUAGE_STANDARD = gnu99;
				GCC_DYNAMIC_NO_PIC = NO;
				GCC_OPTIMIZATION_LEVEL = 0;
				GCC_PREPROCESSOR_DEFINITIONS = (
					"DEBUG=1",
					"$(inherited)",
				);
				GCC_SYMBOLS_PRIVATE_EXTERN = NO;
				GCC_WARN_ABOUT_RETURN_TYPE = YES;
				GCC_WARN_UNINITIALIZED_AUTOS = YES;
				GCC_WARN_UNUSED_VARIABLE = YES;
				IPHONEOS_DEPLOYMENT_TARGET = 6.0;
				ONLY_ACTIVE_ARCH = YES;
				SDKROOT = iphoneos;
			};
			name = Debug;
		};
		1868A0FA1859B84B00EAC9BC /* Release */ = {
			isa = XCBuildConfiguration;
			buildSettings = {
				ALWAYS_SEARCH_USER_PATHS = NO;
				CLANG_CXX_LANGUAGE_STANDARD = "gnu++0x";
				CLANG_CXX_LIBRARY = "libc++";
				CLANG_WARN_EMPTY_BODY = YES;
				CLANG_WARN__DUPLICATE_METHOD_MATCH = YES;
				"CODE_SIGN_IDENTITY[sdk=iphoneos*]" = "iPhone Developer";
				COPY_PHASE_STRIP = YES;
				GCC_C_LANGUAGE_STANDARD = gnu99;
				GCC_WARN_ABOUT_RETURN_TYPE = YES;
				GCC_WARN_UNINITIALIZED_AUTOS = YES;
				GCC_WARN_UNUSED_VARIABLE = YES;
				IPHONEOS_DEPLOYMENT_TARGET = 6.0;
				OTHER_CFLAGS = "-DNS_BLOCK_ASSERTIONS=1";
				SDKROOT = iphoneos;
				VALIDATE_PRODUCT = YES;
			};
			name = Release;
		};
		1868A0FC1859B84B00EAC9BC /* Debug */ = {
			isa = XCBuildConfiguration;
			buildSettings = {
				GCC_PRECOMPILE_PREFIX_HEADER = YES;
				GCC_PREFIX_HEADER = "110/110-Prefix.pch";
				INFOPLIST_FILE = "110/110-Info.plist";
				PRODUCT_NAME = "$(TARGET_NAME)";
				WRAPPER_EXTENSION = app;
			};
			name = Debug;
		};
		1868A0FD1859B84B00EAC9BC /* Release */ = {
			isa = XCBuildConfiguration;
			buildSettings = {
				GCC_PRECOMPILE_PREFIX_HEADER = YES;
				GCC_PREFIX_HEADER = "110/110-Prefix.pch";
				INFOPLIST_FILE = "110/110-Info.plist";
				PRODUCT_NAME = "$(TARGET_NAME)";
				WRAPPER_EXTENSION = app;
			};
			name = Release;
		};
/* End XCBuildConfiguration section */

/* Begin XCConfigurationList section */
		1868A0D11859B84B00EAC9BC /* Build configuration list for PBXProject "110" */ = {
			isa = XCConfigurationList;
			buildConfigurations = (
				1868A0F91859B84B00EAC9BC /* Debug */,
				1868A0FA1859B84B00EAC9BC /* Release */,
			);
			defaultConfigurationIsVisible = 0;
			defaultConfigurationName = Release;
		};
		1868A0FB1859B84B00EAC9BC /* Build configuration list for PBXNativeTarget "110" */ = {
			isa = XCConfigurationList;
			buildConfigurations = (
				1868A0FC1859B84B00EAC9BC /* Debug */,
				1868A0FD1859B84B00EAC9BC /* Release */,
			);
			defaultConfigurationIsVisible = 0;
		};
/* End XCConfigurationList section */
	};
	rootObject = 1868A0CE1859B84B00EAC9BC /* Project object */;
}
